
Microsoft Visual Studio Solution File, Format Version 12.00
# Visual Studio Version 17
VisualStudioVersion = 17.9.34723.18
MinimumVisualStudioVersion = 10.0.40219.1
Project("{FAE04EC0-301F-11D3-BF4B-00C04F79EFBC}") = "WarmDrinkLabb", "WarmDrinkLabb\WarmDrinkLabb.csproj", "{101F2F51-DCFE-4936-B018-004CD9DE3523}"
EndProject
Global
	GlobalSection(SolutionConfigurationPlatforms) = preSolution
		Debug|Any CPU = Debug|Any CPU
		Release|Any CPU = Release|Any CPU
	EndGlobalSection
	GlobalSection(ProjectConfigurationPlatforms) = postSolution
		{101F2F51-DCFE-4936-B018-004CD9DE3523}.Debug|Any CPU.ActiveCfg = Debug|Any CPU
		{101F2F51-DCFE-4936-B018-004CD9DE3523}.Debug|Any CPU.Build.0 = Debug|Any CPU
		{101F2F51-DCFE-4936-B018-004CD9DE3523}.Release|Any CPU.ActiveCfg = Release|Any CPU
		{101F2F51-DCFE-4936-B018-004CD9DE3523}.Release|Any CPU.Build.0 = Release|Any CPU
	EndGlobalSection
	GlobalSection(SolutionProperties) = preSolution
		HideSolutionNode = FALSE
	EndGlobalSection
	GlobalSection(ExtensibilityGlobals) = postSolution
		SolutionGuid = {3E5F7EA3-E11E-4212-AAC7-A190284C9C87}
	EndGlobalSection
EndGlobal
